{
  "nodes": {
    "nixpkgs": {
      "locked": {
        "lastModified": 1751211869,
        "narHash": "sha256-1Cu92i1KSPbhPCKxoiVG5qnoRiKTgR5CcGSRyLpOd7Y=",
        "owner": "kierdavis",
        "repo": "nixpkgs",
        "rev": "b43c397f6c213918d6cfe6e3550abfe79b5d1c51",
        "type": "github"
      },
      "original": {
        "owner": "kierdavis",
        "ref": "config",
        "repo": "nixpkgs",
        "type": "github"
      }
    },
    "root": {
      "inputs": {
        "nixpkgs": "nixpkgs",
        "secret": "secret"
      }
    },
    "secret": {
      "locked": {
        "lastModified": 1751816008,
        "narHash": "sha256-8PllBB0mc8ZwNHwmIVFMYmQz6aDhieGf2wJPpD6nAPI=",
        "ref": "master",
        "rev": "2049431ca7711032a5ee2286ef93023b4b95b717",
        "revCount": 96,
        "type": "git",
        "url": "git+ssh://git@git.personal.svc.kube.skaia.cloud/git-server/repos/config-secret"
      },
      "original": {
        "ref": "master",
        "type": "git",
        "url": "git+ssh://git@git.personal.svc.kube.skaia.cloud/git-server/repos/config-secret"
      }
    }
  },
  "root": "root",
  "version": 7
}
