{
  "nodes": {
    "nix-index-database": {
      "inputs": {
        "nixpkgs": [
          "nixpkgs"
        ]
      },
      "locked": {
        "lastModified": 1783233851,
        "narHash": "sha256-jzisD+3wWZPC4QvAsKtYguiGsmlH2SN3Mjx5LWd68Ok=",
        "owner": "nix-community",
        "repo": "nix-index-database",
        "rev": "fab14c7b63499d57cb6673d5690168c3ec42b99a",
        "type": "github"
      },
      "original": {
        "owner": "nix-community",
        "ref": "main",
        "repo": "nix-index-database",
        "type": "github"
      }
    },
    "nixpkgs": {
      "locked": {
        "lastModified": 1783148766,
        "narHash": "sha256-uslt2pqShTIXDdAHRHv2QkYLsVdY8Oqwz0EA48/RSM8=",
        "owner": "NixOS",
        "repo": "nixpkgs",
        "rev": "a50de1b7d8a586adc18d2395c19de7d6058e6030",
        "type": "github"
      },
      "original": {
        "owner": "NixOS",
        "ref": "nixos-26.05",
        "repo": "nixpkgs",
        "type": "github"
      }
    },
    "root": {
      "inputs": {
        "nix-index-database": "nix-index-database",
        "nixpkgs": "nixpkgs",
        "secret": "secret"
      }
    },
    "secret": {
      "locked": {
        "lastModified": 1782775781,
        "narHash": "sha256-odjwGlSJPNi787ZACQnDqqz0+pmWXa09MCaSoh1Po7Q=",
        "ref": "master",
        "rev": "7767cbd1ffc0b9ea5977c99e552fdd5534122465",
        "revCount": 101,
        "type": "git",
        "url": "git+ssh://git@git.personal.svc.kube.skaia.cloud/git-server/repos/config-secret"
      },
      "original": {
        "ref": "master",
        "type": "git",
        "url": "git+ssh://git@git.personal.svc.kube.skaia.cloud/git-server/repos/config-secret"
      }
    }
  },
  "root": "root",
  "version": 7
}
